
Microsoft Visual Studio Solution File, Format Version 10.00
# Visual Studio 2008
Project("{8BC9CEB8-8B4A-11D0-8D11-00A0C91BC942}") = "hl", "dlls\hl.vcproj", "{A23A50A9-6349-4D81-AD0C-EC6FCD4EFE2D}"
EndProject
Project("{8BC9CEB8-8B4A-11D0-8D11-00A0C91BC942}") = "hl_cl_dll", "cl_dll\cl_dll.vcproj", "{BEE2D1B0-67EF-498F-B88F-2A8D985DAC23}"
EndProject
Project("{8BC9CEB8-8B4A-11D0-8D11-00A0C91BC942}") = "mainui", "mainui\mainui.vcproj", "{D512F31D-5A53-4947-B3FA-25728BD8B053}"
EndProject
Project("{8BC9CEB8-8B4A-11D0-8D11-00A0C91BC942}") = "engine", "engine\engine.vcproj", "{3EBA0E12-F1F7-4775-A19F-A0FC68548ACA}"
EndProject
Project("{8BC9CEB8-8B4A-11D0-8D11-00A0C91BC942}") = "hl_game", "game_launch\game.vcproj", "{754B23CD-60CD-426D-A73E-E60A169BB945}"
EndProject
Project("{2150E333-8FDC-42A3-9474-1A3956D46DE8}") = "Engine Stuff", "Engine Stuff", "{95414974-4ACA-41C2-AEA0-C267F87CBC74}"
EndProject
Project("{2150E333-8FDC-42A3-9474-1A3956D46DE8}") = "Half-Life", "Half-Life", "{B8643901-A300-4CE5-8A92-6BD4B0D0FE6B}"
EndProject
Project("{2150E333-8FDC-42A3-9474-1A3956D46DE8}") = "Tools", "Tools", "{D79E9046-A684-447C-8AD0-00D66CA1C580}"
EndProject
Project("{8BC9CEB8-8B4A-11D0-8D11-00A0C91BC942}") = "hlbsp", "utils\hlbsp\hlbsp.vcproj", "{367AE0F7-CD4D-44E0-A2E2-34B9C6A3E51A}"
EndProject
Project("{8BC9CEB8-8B4A-11D0-8D11-00A0C91BC942}") = "hlcsg", "utils\hlcsg\hlcsg.vcproj", "{6A4E6C36-5342-46CF-BB1C-A4FF993AEA3F}"
EndProject
Project("{8BC9CEB8-8B4A-11D0-8D11-00A0C91BC942}") = "hlrad", "utils\hlrad\hlrad.vcproj", "{1916D8FC-71DD-4D45-8066-80AB489D764A}"
EndProject
Project("{8BC9CEB8-8B4A-11D0-8D11-00A0C91BC942}") = "hlvis", "utils\hlvis\hlvis.vcproj", "{F5FAF7EF-2471-4B5D-B0E4-DE254EC439FC}"
EndProject
Project("{8BC9CEB8-8B4A-11D0-8D11-00A0C91BC942}") = "ripent", "utils\ripent\ripent.vcproj", "{B822EA81-4DA2-4FBA-9DA4-DB80067D8480}"
EndProject
Project("{8BC9CEB8-8B4A-11D0-8D11-00A0C91BC942}") = "hl_dedicated", "game_launch\dedicated.vcproj", "{BE7C7274-F527-453F-ABCF-6A66A9B49493}"
EndProject
Project("{2150E333-8FDC-42A3-9474-1A3956D46DE8}") = "Deathmatch Classic", "Deathmatch Classic", "{6CA3849D-B7B6-46F6-9B30-51C3DBCDDC67}"
EndProject
Project("{8BC9CEB8-8B4A-11D0-8D11-00A0C91BC942}") = "dmc_cl_dll", "dmc\cl_dll\cl_dll.vcproj", "{C6AAE64A-A79C-45E5-8DEF-A3EBFBA22714}"
EndProject
Project("{8BC9CEB8-8B4A-11D0-8D11-00A0C91BC942}") = "dmc", "dmc\dlls\dmc.vcproj", "{334F66BC-B4B3-4DDB-8E51-2073BA32C35B}"
EndProject
Project("{8BC9CEB8-8B4A-11D0-8D11-00A0C91BC942}") = "dmc_game", "game_launch\dmc_game.vcproj", "{AED28FE0-005A-4E7D-81BD-18A9839B82E4}"
EndProject
Project("{2150E333-8FDC-42A3-9474-1A3956D46DE8}") = "Games", "Games", "{74CFB0E4-35D4-4C34-A22D-1AE6343E337E}"
EndProject
Global
	GlobalSection(SolutionConfigurationPlatforms) = preSolution
		Debug|Win32 = Debug|Win32
		Profile|Win32 = Profile|Win32
		Release|Win32 = Release|Win32
	EndGlobalSection
	GlobalSection(ProjectConfigurationPlatforms) = postSolution
		{A23A50A9-6349-4D81-AD0C-EC6FCD4EFE2D}.Debug|Win32.ActiveCfg = Debug|Win32
		{A23A50A9-6349-4D81-AD0C-EC6FCD4EFE2D}.Debug|Win32.Build.0 = Debug|Win32
		{A23A50A9-6349-4D81-AD0C-EC6FCD4EFE2D}.Profile|Win32.ActiveCfg = Profile|Win32
		{A23A50A9-6349-4D81-AD0C-EC6FCD4EFE2D}.Profile|Win32.Build.0 = Profile|Win32
		{A23A50A9-6349-4D81-AD0C-EC6FCD4EFE2D}.Release|Win32.ActiveCfg = Release|Win32
		{A23A50A9-6349-4D81-AD0C-EC6FCD4EFE2D}.Release|Win32.Build.0 = Release|Win32
		{BEE2D1B0-67EF-498F-B88F-2A8D985DAC23}.Debug|Win32.ActiveCfg = Debug|Win32
		{BEE2D1B0-67EF-498F-B88F-2A8D985DAC23}.Debug|Win32.Build.0 = Debug|Win32
		{BEE2D1B0-67EF-498F-B88F-2A8D985DAC23}.Profile|Win32.ActiveCfg = Release|Win32
		{BEE2D1B0-67EF-498F-B88F-2A8D985DAC23}.Profile|Win32.Build.0 = Release|Win32
		{BEE2D1B0-67EF-498F-B88F-2A8D985DAC23}.Release|Win32.ActiveCfg = Release|Win32
		{BEE2D1B0-67EF-498F-B88F-2A8D985DAC23}.Release|Win32.Build.0 = Release|Win32
		{D512F31D-5A53-4947-B3FA-25728BD8B053}.Debug|Win32.ActiveCfg = Debug|Win32
		{D512F31D-5A53-4947-B3FA-25728BD8B053}.Debug|Win32.Build.0 = Debug|Win32
		{D512F31D-5A53-4947-B3FA-25728BD8B053}.Profile|Win32.ActiveCfg = Release|Win32
		{D512F31D-5A53-4947-B3FA-25728BD8B053}.Profile|Win32.Build.0 = Release|Win32
		{D512F31D-5A53-4947-B3FA-25728BD8B053}.Release|Win32.ActiveCfg = Release|Win32
		{D512F31D-5A53-4947-B3FA-25728BD8B053}.Release|Win32.Build.0 = Release|Win32
		{3EBA0E12-F1F7-4775-A19F-A0FC68548ACA}.Debug|Win32.ActiveCfg = Debug|Win32
		{3EBA0E12-F1F7-4775-A19F-A0FC68548ACA}.Debug|Win32.Build.0 = Debug|Win32
		{3EBA0E12-F1F7-4775-A19F-A0FC68548ACA}.Profile|Win32.ActiveCfg = Release|Win32
		{3EBA0E12-F1F7-4775-A19F-A0FC68548ACA}.Profile|Win32.Build.0 = Release|Win32
		{3EBA0E12-F1F7-4775-A19F-A0FC68548ACA}.Release|Win32.ActiveCfg = Release|Win32
		{3EBA0E12-F1F7-4775-A19F-A0FC68548ACA}.Release|Win32.Build.0 = Release|Win32
		{754B23CD-60CD-426D-A73E-E60A169BB945}.Debug|Win32.ActiveCfg = Release|Win32
		{754B23CD-60CD-426D-A73E-E60A169BB945}.Debug|Win32.Build.0 = Release|Win32
		{754B23CD-60CD-426D-A73E-E60A169BB945}.Profile|Win32.ActiveCfg = Release|Win32
		{754B23CD-60CD-426D-A73E-E60A169BB945}.Profile|Win32.Build.0 = Release|Win32
		{754B23CD-60CD-426D-A73E-E60A169BB945}.Release|Win32.ActiveCfg = Release|Win32
		{754B23CD-60CD-426D-A73E-E60A169BB945}.Release|Win32.Build.0 = Release|Win32
		{367AE0F7-CD4D-44E0-A2E2-34B9C6A3E51A}.Debug|Win32.ActiveCfg = Debug|Win32
		{367AE0F7-CD4D-44E0-A2E2-34B9C6A3E51A}.Debug|Win32.Build.0 = Debug|Win32
		{367AE0F7-CD4D-44E0-A2E2-34B9C6A3E51A}.Profile|Win32.ActiveCfg = Release|Win32
		{367AE0F7-CD4D-44E0-A2E2-34B9C6A3E51A}.Profile|Win32.Build.0 = Release|Win32
		{367AE0F7-CD4D-44E0-A2E2-34B9C6A3E51A}.Release|Win32.ActiveCfg = Release|Win32
		{367AE0F7-CD4D-44E0-A2E2-34B9C6A3E51A}.Release|Win32.Build.0 = Release|Win32
		{6A4E6C36-5342-46CF-BB1C-A4FF993AEA3F}.Debug|Win32.ActiveCfg = Debug|Win32
		{6A4E6C36-5342-46CF-BB1C-A4FF993AEA3F}.Debug|Win32.Build.0 = Debug|Win32
		{6A4E6C36-5342-46CF-BB1C-A4FF993AEA3F}.Profile|Win32.ActiveCfg = Debug|Win32
		{6A4E6C36-5342-46CF-BB1C-A4FF993AEA3F}.Profile|Win32.Build.0 = Debug|Win32
		{6A4E6C36-5342-46CF-BB1C-A4FF993AEA3F}.Release|Win32.ActiveCfg = Release|Win32
		{6A4E6C36-5342-46CF-BB1C-A4FF993AEA3F}.Release|Win32.Build.0 = Release|Win32
		{1916D8FC-71DD-4D45-8066-80AB489D764A}.Debug|Win32.ActiveCfg = Debug|Win32
		{1916D8FC-71DD-4D45-8066-80AB489D764A}.Debug|Win32.Build.0 = Debug|Win32
		{1916D8FC-71DD-4D45-8066-80AB489D764A}.Profile|Win32.ActiveCfg = Debug|Win32
		{1916D8FC-71DD-4D45-8066-80AB489D764A}.Profile|Win32.Build.0 = Debug|Win32
		{1916D8FC-71DD-4D45-8066-80AB489D764A}.Release|Win32.ActiveCfg = Release|Win32
		{1916D8FC-71DD-4D45-8066-80AB489D764A}.Release|Win32.Build.0 = Release|Win32
		{F5FAF7EF-2471-4B5D-B0E4-DE254EC439FC}.Debug|Win32.ActiveCfg = Debug|Win32
		{F5FAF7EF-2471-4B5D-B0E4-DE254EC439FC}.Debug|Win32.Build.0 = Debug|Win32
		{F5FAF7EF-2471-4B5D-B0E4-DE254EC439FC}.Profile|Win32.ActiveCfg = Release|Win32
		{F5FAF7EF-2471-4B5D-B0E4-DE254EC439FC}.Profile|Win32.Build.0 = Release|Win32
		{F5FAF7EF-2471-4B5D-B0E4-DE254EC439FC}.Release|Win32.ActiveCfg = Release|Win32
		{F5FAF7EF-2471-4B5D-B0E4-DE254EC439FC}.Release|Win32.Build.0 = Release|Win32
		{B822EA81-4DA2-4FBA-9DA4-DB80067D8480}.Debug|Win32.ActiveCfg = Debug|Win32
		{B822EA81-4DA2-4FBA-9DA4-DB80067D8480}.Debug|Win32.Build.0 = Debug|Win32
		{B822EA81-4DA2-4FBA-9DA4-DB80067D8480}.Profile|Win32.ActiveCfg = Debug|Win32
		{B822EA81-4DA2-4FBA-9DA4-DB80067D8480}.Profile|Win32.Build.0 = Debug|Win32
		{B822EA81-4DA2-4FBA-9DA4-DB80067D8480}.Release|Win32.ActiveCfg = Release|Win32
		{B822EA81-4DA2-4FBA-9DA4-DB80067D8480}.Release|Win32.Build.0 = Release|Win32
		{BE7C7274-F527-453F-ABCF-6A66A9B49493}.Debug|Win32.ActiveCfg = Release|Win32
		{BE7C7274-F527-453F-ABCF-6A66A9B49493}.Debug|Win32.Build.0 = Release|Win32
		{BE7C7274-F527-453F-ABCF-6A66A9B49493}.Profile|Win32.ActiveCfg = Release|Win32
		{BE7C7274-F527-453F-ABCF-6A66A9B49493}.Profile|Win32.Build.0 = Release|Win32
		{BE7C7274-F527-453F-ABCF-6A66A9B49493}.Release|Win32.ActiveCfg = Release|Win32
		{BE7C7274-F527-453F-ABCF-6A66A9B49493}.Release|Win32.Build.0 = Release|Win32
		{C6AAE64A-A79C-45E5-8DEF-A3EBFBA22714}.Debug|Win32.ActiveCfg = Debug|Win32
		{C6AAE64A-A79C-45E5-8DEF-A3EBFBA22714}.Debug|Win32.Build.0 = Debug|Win32
		{C6AAE64A-A79C-45E5-8DEF-A3EBFBA22714}.Profile|Win32.ActiveCfg = Release|Win32
		{C6AAE64A-A79C-45E5-8DEF-A3EBFBA22714}.Profile|Win32.Build.0 = Release|Win32
		{C6AAE64A-A79C-45E5-8DEF-A3EBFBA22714}.Release|Win32.ActiveCfg = Release|Win32
		{C6AAE64A-A79C-45E5-8DEF-A3EBFBA22714}.Release|Win32.Build.0 = Release|Win32
		{334F66BC-B4B3-4DDB-8E51-2073BA32C35B}.Debug|Win32.ActiveCfg = Debug|Win32
		{334F66BC-B4B3-4DDB-8E51-2073BA32C35B}.Debug|Win32.Build.0 = Debug|Win32
		{334F66BC-B4B3-4DDB-8E51-2073BA32C35B}.Profile|Win32.ActiveCfg = Debug|Win32
		{334F66BC-B4B3-4DDB-8E51-2073BA32C35B}.Profile|Win32.Build.0 = Debug|Win32
		{334F66BC-B4B3-4DDB-8E51-2073BA32C35B}.Release|Win32.ActiveCfg = Release|Win32
		{334F66BC-B4B3-4DDB-8E51-2073BA32C35B}.Release|Win32.Build.0 = Release|Win32
		{AED28FE0-005A-4E7D-81BD-18A9839B82E4}.Debug|Win32.ActiveCfg = Release|Win32
		{AED28FE0-005A-4E7D-81BD-18A9839B82E4}.Debug|Win32.Build.0 = Release|Win32
		{AED28FE0-005A-4E7D-81BD-18A9839B82E4}.Profile|Win32.ActiveCfg = Release|Win32
		{AED28FE0-005A-4E7D-81BD-18A9839B82E4}.Profile|Win32.Build.0 = Release|Win32
		{AED28FE0-005A-4E7D-81BD-18A9839B82E4}.Release|Win32.ActiveCfg = Release|Win32
		{AED28FE0-005A-4E7D-81BD-18A9839B82E4}.Release|Win32.Build.0 = Release|Win32
	EndGlobalSection
	GlobalSection(SolutionProperties) = preSolution
		HideSolutionNode = FALSE
	EndGlobalSection
	GlobalSection(NestedProjects) = preSolution
		{BEE2D1B0-67EF-498F-B88F-2A8D985DAC23} = {B8643901-A300-4CE5-8A92-6BD4B0D0FE6B}
		{A23A50A9-6349-4D81-AD0C-EC6FCD4EFE2D} = {B8643901-A300-4CE5-8A92-6BD4B0D0FE6B}
		{754B23CD-60CD-426D-A73E-E60A169BB945} = {B8643901-A300-4CE5-8A92-6BD4B0D0FE6B}
		{BE7C7274-F527-453F-ABCF-6A66A9B49493} = {B8643901-A300-4CE5-8A92-6BD4B0D0FE6B}
		{3EBA0E12-F1F7-4775-A19F-A0FC68548ACA} = {95414974-4ACA-41C2-AEA0-C267F87CBC74}
		{D512F31D-5A53-4947-B3FA-25728BD8B053} = {95414974-4ACA-41C2-AEA0-C267F87CBC74}
		{367AE0F7-CD4D-44E0-A2E2-34B9C6A3E51A} = {D79E9046-A684-447C-8AD0-00D66CA1C580}
		{6A4E6C36-5342-46CF-BB1C-A4FF993AEA3F} = {D79E9046-A684-447C-8AD0-00D66CA1C580}
		{1916D8FC-71DD-4D45-8066-80AB489D764A} = {D79E9046-A684-447C-8AD0-00D66CA1C580}
		{F5FAF7EF-2471-4B5D-B0E4-DE254EC439FC} = {D79E9046-A684-447C-8AD0-00D66CA1C580}
		{B822EA81-4DA2-4FBA-9DA4-DB80067D8480} = {D79E9046-A684-447C-8AD0-00D66CA1C580}
		{C6AAE64A-A79C-45E5-8DEF-A3EBFBA22714} = {6CA3849D-B7B6-46F6-9B30-51C3DBCDDC67}
		{334F66BC-B4B3-4DDB-8E51-2073BA32C35B} = {6CA3849D-B7B6-46F6-9B30-51C3DBCDDC67}
		{AED28FE0-005A-4E7D-81BD-18A9839B82E4} = {6CA3849D-B7B6-46F6-9B30-51C3DBCDDC67}
		{6CA3849D-B7B6-46F6-9B30-51C3DBCDDC67} = {74CFB0E4-35D4-4C34-A22D-1AE6343E337E}
		{B8643901-A300-4CE5-8A92-6BD4B0D0FE6B} = {74CFB0E4-35D4-4C34-A22D-1AE6343E337E}
	EndGlobalSection
EndGlobal
